directories:
    modules: .wippy
    src: ./src
modules:
    - name: keeper/keeper
      version: 0.5.83
      hash: fe598669f8b0ef6e99acaf0eba7568492b785f2f32bd6df4683b26d452de0fef
    - name: kickside/agents
      version: 0.1.42
      hash: 4e22c7609509ebadbec132afee14ee7791b2cac6507e41671f50317d71947f35
    - name: kickside/automation
      version: 0.1.100
      hash: f5f596ab2c2abd0ea9e087859bd1de0fe4d5054c8b0534d5b37913213e3a8140
    - name: kickside/blocks
      version: 0.1.22
      hash: 6af80d316ae52278b9eccc59706eba58330a041090bd8d9bc8c44f365e35fb6a
    - name: kickside/channel
      version: 0.1.40
      hash: d62323244b929172bd268ffd4fe1a8fff7ed290b46fa067dab43b14fb4086887
    - name: kickside/component
      version: 0.1.38
      hash: 321784810b6e112bd97fe9178e386b9645860641a42d9cee0a045d287f7c32f6
    - name: kickside/connection
      version: 0.1.37
      hash: a5cdfffc6eb0d039f666ab8e7fd19d895f9f0a8ce199124e8f3983ae8bbec23b
    - name: kickside/contract
      version: 0.1.32
      hash: 4d0e8436f448c9d8301ce839876bcc66c14b98cb628b8784bf0f878298a63c60
    - name: kickside/core
      version: 0.1.98
      hash: 5d30adba1d5bfee234f45320f8c67c3a1cd9afb9d563e9566ba58f65c55b8c1b
    - name: kickside/cron
      version: 0.1.35
      hash: 7bda7ba893e14a4a0cc8402cae01266f925f2e8d769a9d71ea9584343d95d42f
    - name: kickside/dashboard
      version: 0.1.12
      hash: 9214fa1050e1c43262cbe32bb190070914d6ac16bea2354801ed8fe44f9d7201
    - name: kickside/doc2md
      version: 0.8.7
      hash: 3782a4ecaa295e61100d95f6d4966ebf987874967ec9a18a207415f341854297
    - name: kickside/hub
      version: 0.1.48
      hash: bda752b067158912c30d105b9433acd8c2fb36cd5a9f20029eeb01cd6d3c4725
    - name: kickside/identity
      version: 0.1.26
      hash: a6d973e1131ddf00e5961680c05657838f28862c62f53e58a7ebd8d176fb2795
    - name: kickside/inbox
      version: 0.1.44
      hash: c5a1250a5223a89fb4aa65635b4644c77b8807c4f71a0af74998e71fab742179
    - name: kickside/jobs
      version: 0.1.27
      hash: a69c7c33f1ac56cf74474ba5768805d412f69c79a0c7fbc2b51ed46f81f35e59
    - name: kickside/kickside
      version: 0.1.131
      hash: a83c1bfbb1fe2c369cdf99711d83bb19aab26c9c0f4fedd35715a999ae1626de
    - name: kickside/mcp
      version: 0.1.45
      hash: 2ca7d41f39400ede084500db3424f13218ada9ed7fdcc4cdb188ee954710e88e
    - name: kickside/mcp-client
      version: 0.1.4
      hash: 9899a20fd5ff7cef819febb494adfd4a60615f7878cc2a13342d2bb0a998a0e7
    - name: kickside/models
      version: 0.1.49
      hash: 354576c8eff006c444ecf441b35c16f2dce4904afeedab819259911767ea221b
    - name: kickside/oauth
      version: 0.1.22
      hash: b919ef418a2ce1ac7b7873e373d5712115ebac747ddb620a40b12bc205f52776
    - name: kickside/pdf2image
      version: 0.7.7
      hash: 66c6f822df2b830aa6c3f91c98dd1e2126680046394826d3243b167bf0bebb07
    - name: kickside/realtime
      version: 0.1.19
      hash: 6661dd33af5165ca64c95f3286cb1e37f2fb39919b2c217cb7696043eec1e4eb
    - name: kickside/renderers
      version: 0.1.22
      hash: 3ebb11a998ab54c70465ddb57d5580bfba5100886b660babec0ac813c676db06
    - name: kickside/security
      version: 0.1.30
      hash: 0871390b4381cebc70d1e96a86e9ab711396bdff7bb6f05dcf0b1cb4bb465a8f
    - name: kickside/sessions
      version: 0.1.26
      hash: 59aa47fe55dad8c19c564829e60d996de43cd9bd662550d3691d0251a7c3f4ca
    - name: kickside/settings
      version: 0.1.33
      hash: 7f0afe3906889cbe02ee9fccc9ab1d17fb24e82652d910378ce60d2099773b70
    - name: kickside/sso
      version: 0.1.24
      hash: acc1a935602a186cd46b964a013095fdba655e7f4c5c39c688c335dec780b3b2
    - name: kickside/sso-google
      version: 0.1.8
      hash: 121a86a1ab5f2858eb15ec47d38d9d7794d68a74a2b1c846cd411abf22050cb5
    - name: kickside/sync
      version: 0.1.59
      hash: 9a688cd01a57c9b410cf13a19a590c797d8b850ac45b231886be86c53d10b2c7
    - name: kickside/transform
      version: 0.1.29
      hash: 588ced8a3f63498db6b37e9da60a1b86fd8894e409936b18dd5e9c6fc2d22a5f
    - name: kickside/ui
      version: 0.1.24
      hash: 490d9a852558b6c593743d0661f57e0485ecaa046fc0fd6a1df2d7fb83245f20
    - name: kickside/uploads
      version: 0.1.49
      hash: 8473ab56f91521569d4fa525baa740c87d1415f7daeec76aba25622e9591f8d4
    - name: kickside/users
      version: 0.1.42
      hash: e09cd037fc856583855cf9a252583fd67b89dbacfc56655d23369b1343981766
    - name: kickside/widgets
      version: 0.1.34
      hash: 8841a783dbfebbb8b4af4ae7f0799b1131b48b8bd5e05047d5a6ccc397a86b00
    - name: windows/aicq
      version: 0.1.0
      hash: affafc8b84b0439bc1aca3e391bb4be42c0feec321c55df483b7d838ed6c8e31
    - name: windows/antibug
      version: 0.1.0
      hash: fee21b211f667497e7aa340ebdfdc495df035f36d700dfdcc7a6f38ad6d55815
    - name: windows/appwiz
      version: 0.1.0
      hash: 506f8fb9416d229f2add33e98cabd3ffdb3bf26fca058d4a82ee9366da90e5f3
    - name: windows/calculator
      version: 0.1.0
      hash: 671b810e3c0738dd3d57c433e57dac6b013eb2f1d6e6580438e6370d850919d7
    - name: windows/minesweeper
      version: 0.1.0
      hash: c05969d28f4beb0200465ba435463e26ba050699c2631b1fd78f3aac35622b6b
    - name: windows/network
      version: 0.1.0
      hash: 6e8c0cd6de0a0e3d9f2cb7b966223412dbabdf0f12695aacbe28acd53ce546d7
    - name: windows/regedit
      version: 0.1.0
      hash: 61601d8e53d6f71bca0991ac9d578164ed5aeaeff621f0c8ad4f76b9d3d70f59
    - name: windows/shell
      version: 0.1.3
      hash: 7895b6fb299059bbe2a9c7119304996912e2e11de29bf3cbbf9422e07f0a86c0
    - name: windows/tui-desktop
      version: 0.1.0
      hash: 450fce14e8dc510b6754d11022f8da9909cda41b174e3f21e3348e4d4c47ee47
    - name: windows/weather
      version: 0.1.0
      hash: 990ed52a0a5d927a35e65774408c4f4219d2e7a1012d418d13889ecfc647983e
    - name: wippy/agent
      version: 0.4.17
      hash: f8b8ed9f8098e254f7b431ca9f5378672bb5deae33122b777d1714092bcca91a
    - name: wippy/bootloader
      version: 0.3.14
      hash: aa5e32807eba6a5ea0e5a224069a006288f58605c4542a444f5469caee862c58
    - name: wippy/dataflow
      version: 0.7.17
      hash: ac10088fa53d09184e25f526aa55c3de975e1d8cbf198d55bd181544ae6d381a
    - name: wippy/facade
      version: 0.6.39
      hash: 8521220405ba7fb388dd434d3064d15dec3a80fbb9e0654b51603365888c721a
    - name: wippy/llm
      version: 0.4.46
      hash: 414a2e517bc1d27f39acf8936c1d5db75afc8a2ec918318cfcb600c464fbec8c
    - name: wippy/migration
      version: 0.3.18
      hash: e00cad6706bb95f556aeab5318a04e55d3884c027b09f6340fc4e7d69c905a17
    - name: wippy/relay
      version: 0.3.14
      hash: b3c4be305e1ef047cb211a3fddb0e0cbe56ec5d2e678c70134dfa28bbd85c9a8
    - name: wippy/security
      version: 0.4.2
      hash: 9020016afc9de612f5297d38ce99e8500c63a2986077e8b0e560d8636c506627
    - name: wippy/session
      version: 0.4.4
      hash: 9473efe8deff669d04dd9b7ef19bda47eb7d7489d228ed78df694406c3909f96
    - name: wippy/terminal
      version: 0.4.5
      hash: 028180c6044cdd9bbe15330255a4926770e02a291511930264a615f6388824f0
    - name: wippy/test
      version: 0.4.17
      hash: 37a304cc20aa3005004255e9fda16835a94119db520c0c97e1db044c7844a229
    - name: wippy/usage
      version: 0.3.24
      hash: 6d62fefb655ddfab62451edae651d14d62a31db7f29002f7b22ec176fda4798e
    - name: wippy/views
      version: 0.5.10
      hash: a25c35b260e8f9c161f372aa8f5e80624af4db233f2b9de4a36d9015342f01fe
