directories:
    modules: .wippy
    src: ./src
modules:
    - name: chicago/aicq
      version: 0.2.1
      source: github.com/chicago-desktop/aicq
      commit: 579e089bf41af2a1c4cd4fc3523ea1a21444791d
      local_hash: sha256-tree-v1:601cc48f12a1641583801c51dab2794282b00b6a73937b58eb0ff0df01680e76
    - name: chicago/antibug
      version: 0.2.0
      source: github.com/chicago-desktop/antibug
      commit: e836fede6a7f79a8d7b64731a572c334121f1f12
      local_hash: sha256-tree-v1:a5ebdd16391696bbbbe065b390702c50eb75148ae0f5d78352d91c0c19bfa93f
    - name: chicago/appwiz
      version: 0.2.0
      source: github.com/chicago-desktop/appwiz
      commit: ce5818ef295dabef4745e947c72f3cf45e448ae5
      local_hash: sha256-tree-v1:29b4cd195e20e62769ef8d6ec4c3048472fed3eef02526dd291520f51ee952f6
    - name: chicago/calculator
      version: 0.2.0
      source: github.com/chicago-desktop/calculator
      commit: d937401c81f325c6ee6c457c3b3663530245b3ce
      local_hash: sha256-tree-v1:fc006d16e946c28dca3db8b4ecf25162a6ab8893c6bcf3349aab8b69469596ac
    - name: chicago/connections
      version: 0.2.0
      source: github.com/chicago-desktop/connections
      commit: 987667748e564763710ec657e86adc035904c5bb
      local_hash: sha256-tree-v1:219b34ab265678cc57c8e069db275aceed08cca7c90b0ec7f9927f019a578541
    - name: chicago/datetime
      version: 0.2.0
      source: github.com/chicago-desktop/datetime
      commit: fe92a4aba23aca8d71341052754f49663cc22c7f
      local_hash: sha256-tree-v1:dd33bb503fc4781db92cf2a490f331a769dfb9c3d55a2900c813a25c76f7b772
    - name: chicago/display
      version: 0.1.2
      source: github.com/chicago-desktop/display
      commit: 47835b636e8031ffad23d8da210d57bb47f0a3cc
      local_hash: sha256-tree-v1:c03c43c395f75deca6a71b917c790b00eddc102a07e998889f4aed1b095d27df
    - name: chicago/events
      version: 0.2.1
      source: github.com/chicago-desktop/events
      commit: e98aff2e328dbf6dda265c4b44b0e2680bbcae09
      local_hash: sha256-tree-v1:dafa843819ad856b65415f9abcde02983187adf312cd92adf0379553509a2d8e
    - name: chicago/floppy
      version: 0.1.1
      source: github.com/chicago-desktop/floppy
      commit: 868395c337bf015515043720a0538d3e6815e441
      local_hash: sha256-tree-v1:736c466e050933f4efe5ca9b572ed39b99cea1482c4ef533c99475ca19294346
    - name: chicago/minesweeper
      version: 0.2.0
      source: github.com/chicago-desktop/minesweeper
      commit: ce049b43719fe5c25ae1b70a2ab43bb40b804a8e
      local_hash: sha256-tree-v1:090e9d8c6c231a100f584549ab53024f3eac3cd37fb2864acbddca370cc033d3
    - name: chicago/network
      version: 0.2.0
      source: github.com/chicago-desktop/network
      commit: a8d6d723e2667d6d7daafa86beafcb7025f01967
      local_hash: sha256-tree-v1:389efef0b8e70ffd567688afc713e9cc142f0966c4a2f1279d4cf4e29fa157be
    - name: chicago/regedit
      version: 0.2.0
      source: github.com/chicago-desktop/regedit
      commit: 2eb9f67f4aff9528d5049eee8db872a8c23e872d
      local_hash: sha256-tree-v1:09aa1a89c114113a3f07345009fa426318e63d720242a767c79a61f11fb497e3
    - name: chicago/run
      version: 0.2.0
      source: github.com/chicago-desktop/run
      commit: 71a1b97e2ae6c0e84f869ec550fe9ce1b9b86d81
      local_hash: sha256-tree-v1:ec96893c691ecae9b5fb687421b3543a944166819630e8b7a1f87e22676feb3a
    - name: chicago/scheduled
      version: 0.2.0
      source: github.com/chicago-desktop/scheduled
      commit: 529d457177e837efcf83f69e786216e2b7d18d2d
      local_hash: sha256-tree-v1:d172f2cd28500690add17d4e3acfecf686e934197a6884f0e58ffa240dfae8ea
    - name: chicago/services
      version: 0.2.0
      source: github.com/chicago-desktop/services
      commit: ffd3bd8ea3768da36163f84b7ea752c53ffd0851
      local_hash: sha256-tree-v1:e27bef37e46c488331bb7e8c8cadf466c67f1ac058937477d4176be888655b7c
    - name: chicago/shell
      version: 0.3.3
      source: github.com/chicago-desktop/shell
      commit: 9bbaaac77ce4d0e5ef99ffb8da5731d16ed23516
      local_hash: sha256-tree-v1:bfe1c958b24610f13e1b0a18fcbce297df3284661c42df3dede4a8e5ee6dbc6d
    - name: chicago/taskman
      version: 0.2.1
      source: github.com/chicago-desktop/taskman
      commit: 73b4c147551158d0c78aade1e1f55d6e61d89e74
      local_hash: sha256-tree-v1:af4c69b5dce2d5a27d9127a0aa7a723560dff3a15f44f2ea6cd1424bda59b84e
    - name: chicago/tui-desktop
      version: 0.2.3
      source: github.com/chicago-desktop/tui-desktop
      commit: 7a6ecadd77863c3f2ebfa8f3e700cd8f18355f93
      local_hash: sha256-tree-v1:d1c0e7d131597ed5589d7ad7d829e2ab2f088cfd0087f296d1d13d6a8bee7950
    - name: chicago/users
      version: 0.2.1
      source: github.com/chicago-desktop/users
      commit: 11ea3a75488007483b376c4418aa090d0133eb14
      local_hash: sha256-tree-v1:631d50cf842a842d509bfb5f275aab8a2017c8ffb8b1aa628727800fcddc4988
    - name: chicago/weather
      version: 0.2.0
      source: github.com/chicago-desktop/weather
      commit: 4fda75926ec141bbfd4a92cc9f96490feee1e969
      local_hash: sha256-tree-v1:d0aa2be980c7261f2689dc527f75fcebd237bfe0732ffc7f6f39a78d9f41be51
    - name: chicago/welcome
      version: 0.2.3
      source: github.com/chicago-desktop/welcome
      commit: 01088c1496f91aea189d2a15871fa3f1a5053fed
      local_hash: sha256-tree-v1:b8e93d8d8c6cd31649b3a93fdb34e2e1c49396a283f4c04557504ab83faba499
    - name: chicago/workshop
      version: 0.1.0
      source: github.com/chicago-desktop/workshop
      commit: 28bf60cfa1ecf047223f343dc190e8a1dab88e0c
      local_hash: sha256-tree-v1:b02ebe09feda4c32c4860886a0c09707bb342badc40bfa695cc5c060e2dcabb3
    - name: keeper/keeper
      version: 0.5.83
      hash: fe598669f8b0ef6e99acaf0eba7568492b785f2f32bd6df4683b26d452de0fef
    - name: kickside/agents
      version: 0.1.42
      hash: 4e22c7609509ebadbec132afee14ee7791b2cac6507e41671f50317d71947f35
    - name: kickside/automation
      version: 0.1.100
      hash: f5f596ab2c2abd0ea9e087859bd1de0fe4d5054c8b0534d5b37913213e3a8140
    - name: kickside/blocks
      version: 0.1.22
      hash: 6af80d316ae52278b9eccc59706eba58330a041090bd8d9bc8c44f365e35fb6a
    - name: kickside/channel
      version: 0.1.40
      hash: d62323244b929172bd268ffd4fe1a8fff7ed290b46fa067dab43b14fb4086887
    - name: kickside/component
      version: 0.1.38
      hash: 321784810b6e112bd97fe9178e386b9645860641a42d9cee0a045d287f7c32f6
    - name: kickside/connection
      version: 0.1.37
      hash: a5cdfffc6eb0d039f666ab8e7fd19d895f9f0a8ce199124e8f3983ae8bbec23b
    - name: kickside/contract
      version: 0.1.32
      hash: 4d0e8436f448c9d8301ce839876bcc66c14b98cb628b8784bf0f878298a63c60
    - name: kickside/core
      version: 0.1.98
      hash: 5d30adba1d5bfee234f45320f8c67c3a1cd9afb9d563e9566ba58f65c55b8c1b
    - name: kickside/cron
      version: 0.1.35
      hash: 7bda7ba893e14a4a0cc8402cae01266f925f2e8d769a9d71ea9584343d95d42f
    - name: kickside/dashboard
      version: 0.1.12
      hash: 9214fa1050e1c43262cbe32bb190070914d6ac16bea2354801ed8fe44f9d7201
    - name: kickside/doc2md
      version: 0.8.7
      hash: 3782a4ecaa295e61100d95f6d4966ebf987874967ec9a18a207415f341854297
    - name: kickside/hub
      version: 0.1.48
      hash: bda752b067158912c30d105b9433acd8c2fb36cd5a9f20029eeb01cd6d3c4725
    - name: kickside/identity
      version: 0.1.26
      hash: a6d973e1131ddf00e5961680c05657838f28862c62f53e58a7ebd8d176fb2795
    - name: kickside/inbox
      version: 0.1.44
      hash: c5a1250a5223a89fb4aa65635b4644c77b8807c4f71a0af74998e71fab742179
    - name: kickside/jobs
      version: 0.1.27
      hash: a69c7c33f1ac56cf74474ba5768805d412f69c79a0c7fbc2b51ed46f81f35e59
    - name: kickside/kickside
      version: 0.1.131
      hash: a83c1bfbb1fe2c369cdf99711d83bb19aab26c9c0f4fedd35715a999ae1626de
    - name: kickside/mcp
      version: 0.1.45
      hash: 2ca7d41f39400ede084500db3424f13218ada9ed7fdcc4cdb188ee954710e88e
    - name: kickside/mcp-client
      version: 0.1.4
      hash: 9899a20fd5ff7cef819febb494adfd4a60615f7878cc2a13342d2bb0a998a0e7
    - name: kickside/models
      version: 0.1.49
      hash: 354576c8eff006c444ecf441b35c16f2dce4904afeedab819259911767ea221b
    - name: kickside/oauth
      version: 0.1.22
      hash: b919ef418a2ce1ac7b7873e373d5712115ebac747ddb620a40b12bc205f52776
    - name: kickside/pdf2image
      version: 0.7.7
      hash: 66c6f822df2b830aa6c3f91c98dd1e2126680046394826d3243b167bf0bebb07
    - name: kickside/realtime
      version: 0.1.19
      hash: 6661dd33af5165ca64c95f3286cb1e37f2fb39919b2c217cb7696043eec1e4eb
    - name: kickside/renderers
      version: 0.1.22
      hash: 3ebb11a998ab54c70465ddb57d5580bfba5100886b660babec0ac813c676db06
    - name: kickside/security
      version: 0.1.30
      hash: 0871390b4381cebc70d1e96a86e9ab711396bdff7bb6f05dcf0b1cb4bb465a8f
    - name: kickside/sessions
      version: 0.1.26
      hash: 59aa47fe55dad8c19c564829e60d996de43cd9bd662550d3691d0251a7c3f4ca
    - name: kickside/settings
      version: 0.1.33
      hash: 7f0afe3906889cbe02ee9fccc9ab1d17fb24e82652d910378ce60d2099773b70
    - name: kickside/sso
      version: 0.1.24
      hash: acc1a935602a186cd46b964a013095fdba655e7f4c5c39c688c335dec780b3b2
    - name: kickside/sso-google
      version: 0.1.8
      hash: 121a86a1ab5f2858eb15ec47d38d9d7794d68a74a2b1c846cd411abf22050cb5
    - name: kickside/sync
      version: 0.1.59
      hash: 9a688cd01a57c9b410cf13a19a590c797d8b850ac45b231886be86c53d10b2c7
    - name: kickside/transform
      version: 0.1.29
      hash: 588ced8a3f63498db6b37e9da60a1b86fd8894e409936b18dd5e9c6fc2d22a5f
    - name: kickside/ui
      version: 0.1.24
      hash: 490d9a852558b6c593743d0661f57e0485ecaa046fc0fd6a1df2d7fb83245f20
    - name: kickside/uploads
      version: 0.1.49
      hash: 8473ab56f91521569d4fa525baa740c87d1415f7daeec76aba25622e9591f8d4
    - name: kickside/users
      version: 0.1.42
      hash: e09cd037fc856583855cf9a252583fd67b89dbacfc56655d23369b1343981766
    - name: kickside/widgets
      version: 0.1.34
      hash: 8841a783dbfebbb8b4af4ae7f0799b1131b48b8bd5e05047d5a6ccc397a86b00
    - name: wippy/agent
      version: 0.4.17
      hash: f8b8ed9f8098e254f7b431ca9f5378672bb5deae33122b777d1714092bcca91a
    - name: wippy/bootloader
      version: 0.3.14
      hash: aa5e32807eba6a5ea0e5a224069a006288f58605c4542a444f5469caee862c58
    - name: wippy/dataflow
      version: 0.7.17
      hash: ac10088fa53d09184e25f526aa55c3de975e1d8cbf198d55bd181544ae6d381a
    - name: wippy/facade
      version: 0.6.39
      hash: 8521220405ba7fb388dd434d3064d15dec3a80fbb9e0654b51603365888c721a
    - name: wippy/llm
      version: 0.4.46
      hash: 414a2e517bc1d27f39acf8936c1d5db75afc8a2ec918318cfcb600c464fbec8c
    - name: wippy/migration
      version: 0.3.18
      hash: e00cad6706bb95f556aeab5318a04e55d3884c027b09f6340fc4e7d69c905a17
    - name: wippy/relay
      version: 0.3.14
      hash: b3c4be305e1ef047cb211a3fddb0e0cbe56ec5d2e678c70134dfa28bbd85c9a8
    - name: wippy/security
      version: 0.4.2
      hash: 9020016afc9de612f5297d38ce99e8500c63a2986077e8b0e560d8636c506627
    - name: wippy/session
      version: 0.4.4
      hash: 9473efe8deff669d04dd9b7ef19bda47eb7d7489d228ed78df694406c3909f96
    - name: wippy/terminal
      version: 0.4.5
      hash: 028180c6044cdd9bbe15330255a4926770e02a291511930264a615f6388824f0
    - name: wippy/test
      version: 0.4.17
      hash: 37a304cc20aa3005004255e9fda16835a94119db520c0c97e1db044c7844a229
    - name: wippy/usage
      version: 0.3.24
      hash: 6d62fefb655ddfab62451edae651d14d62a31db7f29002f7b22ec176fda4798e
    - name: wippy/views
      version: 0.5.10
      hash: a25c35b260e8f9c161f372aa8f5e80624af4db233f2b9de4a36d9015342f01fe
